
Microsoft Visual Studio Solution File, Format Version 12.00
# Visual Studio Version 17
VisualStudioVersion = 17.11.35327.3
MinimumVisualStudioVersion = 10.0.40219.1
Project("{FAE04EC0-301F-11D3-BF4B-00C04F79EFBC}") = "Microsservice-Validador-De-CPF", "Microsservice-Validador-De-CPF\Microsservice-Validador-De-CPF.csproj", "{1C566AC1-B955-458D-B55B-1CDBDC58049D}"
EndProject
Global
	GlobalSection(SolutionConfigurationPlatforms) = preSolution
		Debug|Any CPU = Debug|Any CPU
		Release|Any CPU = Release|Any CPU
	EndGlobalSection
	GlobalSection(ProjectConfigurationPlatforms) = postSolution
		{1C566AC1-B955-458D-B55B-1CDBDC58049D}.Debug|Any CPU.ActiveCfg = Debug|Any CPU
		{1C566AC1-B955-458D-B55B-1CDBDC58049D}.Debug|Any CPU.Build.0 = Debug|Any CPU
		{1C566AC1-B955-458D-B55B-1CDBDC58049D}.Release|Any CPU.ActiveCfg = Release|Any CPU
		{1C566AC1-B955-458D-B55B-1CDBDC58049D}.Release|Any CPU.Build.0 = Release|Any CPU
	EndGlobalSection
	GlobalSection(SolutionProperties) = preSolution
		HideSolutionNode = FALSE
	EndGlobalSection
	GlobalSection(ExtensibilityGlobals) = postSolution
		SolutionGuid = {B1767E2D-E145-4102-8333-E713AF3129CF}
	EndGlobalSection
EndGlobal
